<?xml version="1.0" encoding="utf-8"?>
<Project ToolsVersion="4.0" xmlns="http://schemas.microsoft.com/developer/msbuild/2003">
  <ItemGroup>
    <Filter Include="Source Files">
      <UniqueIdentifier>{daa4e209-0655-4bbc-9b4c-1ba892edb1ac}</UniqueIdentifier>
      <Extensions>cpp;c;cxx;rc;def;r;odl;idl;hpj;bat</Extensions>
    </Filter>
    <Filter Include="Header Files">
      <UniqueIdentifier>{69d855f4-230d-4c97-942a-3e16431b6dc4}</UniqueIdentifier>
      <Extensions>h;hpp;hxx;hm;inl</Extensions>
    </Filter>
    <Filter Include="Resource Files">
      <UniqueIdentifier>{b5f8b274-f173-498e-a4cc-af4480218ab6}</UniqueIdentifier>
      <Extensions>ico;cur;bmp;dlg;rc2;rct;bin;rgs;gif;jpg;jpeg;jpe</Extensions>
    </Filter>
  </ItemGroup>
  <ItemGroup>
    <ClCompile Include="PropertyControlTest.cpp">
      <Filter>Source Files</Filter>
    </ClCompile>
    <ClCompile Include="stdafx.cpp">
      <Filter>Source Files</Filter>
    </ClCompile>
  </ItemGroup>
  <ItemGroup>
    <ResourceCompile Include="PropertyControlTest.rc">
      <Filter>Source Files</Filter>
    </ResourceCompile>
  </ItemGroup>
  <ItemGroup>
    <ClInclude Include="maindlg.h">
      <Filter>Header Files</Filter>
    </ClInclude>
    <ClInclude Include="resource.h">
      <Filter>Header Files</Filter>
    </ClInclude>
    <ClInclude Include="stdafx.h">
      <Filter>Header Files</Filter>
    </ClInclude>
    <ClInclude Include="include\PropertyItemImpl.h">
      <Filter>Header Files</Filter>
    </ClInclude>
    <ClInclude Include="include\PropertyList.h">
      <Filter>Header Files</Filter>
    </ClInclude>
    <ClInclude Include="include\PropertyTree.h">
      <Filter>Header Files</Filter>
    </ClInclude>
    <ClInclude Include="include\ColorCombo.h">
      <Filter>Header Files</Filter>
    </ClInclude>
    <ClInclude Include="include\permissive_fixes.h">
      <Filter>Header Files</Filter>
    </ClInclude>
    <ClInclude Include="include\PropertyGrid.h">
      <Filter>Header Files</Filter>
    </ClInclude>
    <ClInclude Include="include\PropertyItem.h">
      <Filter>Header Files</Filter>
    </ClInclude>
    <ClInclude Include="include\PropertyItemEditors.h">
      <Filter>Header Files</Filter>
    </ClInclude>
  </ItemGroup>
  <ItemGroup>
    <None Include="res\PropertyControlTest.ico">
      <Filter>Resource Files</Filter>
    </None>
    <None Include="res\PropertyTree.bmp">
      <Filter>Resource Files</Filter>
    </None>
    <None Include="packages.config" />
  </ItemGroup>
</Project>