
Microsoft Visual Studio Solution File, Format Version 12.00
# Visual Studio 14
VisualStudioVersion = 14.0.25420.1
MinimumVisualStudioVersion = 10.0.40219.1
Project("{8BC9CEB8-8B4A-11D0-8D11-00A0C91BC942}") = "DebugView++", "DebugView++\DebugView++.vcxproj", "{E37BA0C9-8A2F-4F2E-BBF8-839F3429D3A7}"
	ProjectSection(ProjectDependencies) = postProject
		{5E5B7C33-8076-4E21-ADF3-D56C8C28822A} = {5E5B7C33-8076-4E21-ADF3-D56C8C28822A}
		{218AB179-4C19-4264-BD55-DF89A9F321CA} = {218AB179-4C19-4264-BD55-DF89A9F321CA}
	EndProjectSection
EndProject
Project("{8BC9CEB8-8B4A-11D0-8D11-00A0C91BC942}") = "DbgMsgSrc", "DbgMsgSrc\DbgMsgSrc.vcxproj", "{722E0592-E026-4D51-87EC-6ACA85B385F4}"
EndProject
Project("{8BC9CEB8-8B4A-11D0-8D11-00A0C91BC942}") = "libsnappy", "libsnappy\libsnappy.vcxproj", "{B1AEE15F-4CAF-4ACA-B5DC-756EC3AFA77A}"
EndProject
Project("{930C7802-8A8C-48F9-8165-68863BCCD9DD}") = "DebugView++Setup", "DebugView++Setup\DebugView++Setup.wixproj", "{6E52889E-06C1-45DC-AF99-ACCCAFB863FF}"
	ProjectSection(ProjectDependencies) = postProject
		{C824932A-2819-4148-B54F-214D65015C54} = {C824932A-2819-4148-B54F-214D65015C54}
	EndProjectSection
EndProject
Project("{8BC9CEB8-8B4A-11D0-8D11-00A0C91BC942}") = "CobaltFusion", "CobaltFusion\CobaltFusion.vcxproj", "{218AB179-4C19-4264-BD55-DF89A9F321CA}"
EndProject
Project("{8BC9CEB8-8B4A-11D0-8D11-00A0C91BC942}") = "CobaltFusionTest", "CobaltFusionTest\CobaltFusionTest.vcxproj", "{30E249B7-F460-4FD3-9C45-58C55AEF7EF6}"
	ProjectSection(ProjectDependencies) = postProject
		{218AB179-4C19-4264-BD55-DF89A9F321CA} = {218AB179-4C19-4264-BD55-DF89A9F321CA}
	EndProjectSection
EndProject
Project("{8BC9CEB8-8B4A-11D0-8D11-00A0C91BC942}") = "DebugView++Lib", "DebugView++Lib\DebugView++Lib.vcxproj", "{5E5B7C33-8076-4E21-ADF3-D56C8C28822A}"
	ProjectSection(ProjectDependencies) = postProject
		{69756714-C1EB-47AF-B852-FF253D8DDDA8} = {69756714-C1EB-47AF-B852-FF253D8DDDA8}
		{B1AEE15F-4CAF-4ACA-B5DC-756EC3AFA77A} = {B1AEE15F-4CAF-4ACA-B5DC-756EC3AFA77A}
		{218AB179-4C19-4264-BD55-DF89A9F321CA} = {218AB179-4C19-4264-BD55-DF89A9F321CA}
	EndProjectSection
EndProject
Project("{8BC9CEB8-8B4A-11D0-8D11-00A0C91BC942}") = "Win32Lib", "Win32Lib\Win32Lib.vcxproj", "{7AA3A43A-F0CD-4BD8-BC04-5A30F7260C38}"
EndProject
Project("{8BC9CEB8-8B4A-11D0-8D11-00A0C91BC942}") = "DebugViewConsole", "DebugViewConsole\DebugViewConsole.vcxproj", "{C824932A-2819-4148-B54F-214D65015C54}"
	ProjectSection(ProjectDependencies) = postProject
		{5E5B7C33-8076-4E21-ADF3-D56C8C28822A} = {5E5B7C33-8076-4E21-ADF3-D56C8C28822A}
		{E37BA0C9-8A2F-4F2E-BBF8-839F3429D3A7} = {E37BA0C9-8A2F-4F2E-BBF8-839F3429D3A7}
	EndProjectSection
EndProject
Project("{8BC9CEB8-8B4A-11D0-8D11-00A0C91BC942}") = "IndexedStorageLib", "IndexedStorageLib\IndexedStorageLib.vcxproj", "{69756714-C1EB-47AF-B852-FF253D8DDDA8}"
	ProjectSection(ProjectDependencies) = postProject
		{B1AEE15F-4CAF-4ACA-B5DC-756EC3AFA77A} = {B1AEE15F-4CAF-4ACA-B5DC-756EC3AFA77A}
	EndProjectSection
EndProject
Project("{8BC9CEB8-8B4A-11D0-8D11-00A0C91BC942}") = "DebugView++Test", "DebugView++Test\DebugView++Test.vcxproj", "{49BDA8E7-213A-44E2-BEDB-C599E07B8DA7}"
	ProjectSection(ProjectDependencies) = postProject
		{69756714-C1EB-47AF-B852-FF253D8DDDA8} = {69756714-C1EB-47AF-B852-FF253D8DDDA8}
		{5E5B7C33-8076-4E21-ADF3-D56C8C28822A} = {5E5B7C33-8076-4E21-ADF3-D56C8C28822A}
		{7AA3A43A-F0CD-4BD8-BC04-5A30F7260C38} = {7AA3A43A-F0CD-4BD8-BC04-5A30F7260C38}
	EndProjectSection
EndProject
Project("{2150E333-8FDC-42A3-9474-1A3956D46DE8}") = "Plugins", "Plugins", "{997ACF6D-C484-4738-AD85-9259543F8F9C}"
EndProject
Project("{FAE04EC0-301F-11D3-BF4B-00C04F79EFBC}") = "HttpMonitor", "plugins\cs\HttpMonitor\HttpMonitor.csproj", "{229C866B-8DD9-49FF-91D0-0B8B30448F03}"
EndProject
Project("{FAE04EC0-301F-11D3-BF4B-00C04F79EFBC}") = "OutputForwarderVSIX", "OutputForwarderVSIX\OutputForwarderVSIX.csproj", "{F7F5DB6E-B52D-46C1-9E40-43934514AEEB}"
EndProject
Global
	GlobalSection(SolutionConfigurationPlatforms) = preSolution
		Debug|Any CPU = Debug|Any CPU
		Debug|Mixed Platforms = Debug|Mixed Platforms
		Debug|Win32 = Debug|Win32
		Debug|x64 = Debug|x64
		Debug|x86 = Debug|x86
		Release|Any CPU = Release|Any CPU
		Release|Mixed Platforms = Release|Mixed Platforms
		Release|Win32 = Release|Win32
		Release|x64 = Release|x64
		Release|x86 = Release|x86
	EndGlobalSection
	GlobalSection(ProjectConfigurationPlatforms) = postSolution
		{E37BA0C9-8A2F-4F2E-BBF8-839F3429D3A7}.Debug|Any CPU.ActiveCfg = Debug|Win32
		{E37BA0C9-8A2F-4F2E-BBF8-839F3429D3A7}.Debug|Mixed Platforms.ActiveCfg = Debug|Win32
		{E37BA0C9-8A2F-4F2E-BBF8-839F3429D3A7}.Debug|Mixed Platforms.Build.0 = Debug|Win32
		{E37BA0C9-8A2F-4F2E-BBF8-839F3429D3A7}.Debug|Win32.ActiveCfg = Debug|Win32
		{E37BA0C9-8A2F-4F2E-BBF8-839F3429D3A7}.Debug|Win32.Build.0 = Debug|Win32
		{E37BA0C9-8A2F-4F2E-BBF8-839F3429D3A7}.Debug|x64.ActiveCfg = Debug|x64
		{E37BA0C9-8A2F-4F2E-BBF8-839F3429D3A7}.Debug|x64.Build.0 = Debug|x64
		{E37BA0C9-8A2F-4F2E-BBF8-839F3429D3A7}.Debug|x86.ActiveCfg = Debug|Win32
		{E37BA0C9-8A2F-4F2E-BBF8-839F3429D3A7}.Debug|x86.Build.0 = Debug|Win32
		{E37BA0C9-8A2F-4F2E-BBF8-839F3429D3A7}.Release|Any CPU.ActiveCfg = Release|Win32
		{E37BA0C9-8A2F-4F2E-BBF8-839F3429D3A7}.Release|Mixed Platforms.ActiveCfg = Release|Win32
		{E37BA0C9-8A2F-4F2E-BBF8-839F3429D3A7}.Release|Mixed Platforms.Build.0 = Release|Win32
		{E37BA0C9-8A2F-4F2E-BBF8-839F3429D3A7}.Release|Win32.ActiveCfg = Release|Win32
		{E37BA0C9-8A2F-4F2E-BBF8-839F3429D3A7}.Release|Win32.Build.0 = Release|Win32
		{E37BA0C9-8A2F-4F2E-BBF8-839F3429D3A7}.Release|x64.ActiveCfg = Release|x64
		{E37BA0C9-8A2F-4F2E-BBF8-839F3429D3A7}.Release|x64.Build.0 = Release|x64
		{E37BA0C9-8A2F-4F2E-BBF8-839F3429D3A7}.Release|x86.ActiveCfg = Release|Win32
		{E37BA0C9-8A2F-4F2E-BBF8-839F3429D3A7}.Release|x86.Build.0 = Release|Win32
		{722E0592-E026-4D51-87EC-6ACA85B385F4}.Debug|Any CPU.ActiveCfg = Debug|Win32
		{722E0592-E026-4D51-87EC-6ACA85B385F4}.Debug|Mixed Platforms.ActiveCfg = Debug|Win32
		{722E0592-E026-4D51-87EC-6ACA85B385F4}.Debug|Mixed Platforms.Build.0 = Debug|Win32
		{722E0592-E026-4D51-87EC-6ACA85B385F4}.Debug|Win32.ActiveCfg = Debug|Win32
		{722E0592-E026-4D51-87EC-6ACA85B385F4}.Debug|Win32.Build.0 = Debug|Win32
		{722E0592-E026-4D51-87EC-6ACA85B385F4}.Debug|x64.ActiveCfg = Debug|x64
		{722E0592-E026-4D51-87EC-6ACA85B385F4}.Debug|x64.Build.0 = Debug|x64
		{722E0592-E026-4D51-87EC-6ACA85B385F4}.Debug|x86.ActiveCfg = Debug|Win32
		{722E0592-E026-4D51-87EC-6ACA85B385F4}.Debug|x86.Build.0 = Debug|Win32
		{722E0592-E026-4D51-87EC-6ACA85B385F4}.Release|Any CPU.ActiveCfg = Release|Win32
		{722E0592-E026-4D51-87EC-6ACA85B385F4}.Release|Mixed Platforms.ActiveCfg = Release|Win32
		{722E0592-E026-4D51-87EC-6ACA85B385F4}.Release|Mixed Platforms.Build.0 = Release|Win32
		{722E0592-E026-4D51-87EC-6ACA85B385F4}.Release|Win32.ActiveCfg = Release|Win32
		{722E0592-E026-4D51-87EC-6ACA85B385F4}.Release|Win32.Build.0 = Release|Win32
		{722E0592-E026-4D51-87EC-6ACA85B385F4}.Release|x64.ActiveCfg = Release|x64
		{722E0592-E026-4D51-87EC-6ACA85B385F4}.Release|x64.Build.0 = Release|x64
		{722E0592-E026-4D51-87EC-6ACA85B385F4}.Release|x86.ActiveCfg = Release|Win32
		{722E0592-E026-4D51-87EC-6ACA85B385F4}.Release|x86.Build.0 = Release|Win32
		{B1AEE15F-4CAF-4ACA-B5DC-756EC3AFA77A}.Debug|Any CPU.ActiveCfg = Debug|Win32
		{B1AEE15F-4CAF-4ACA-B5DC-756EC3AFA77A}.Debug|Mixed Platforms.ActiveCfg = Debug|Win32
		{B1AEE15F-4CAF-4ACA-B5DC-756EC3AFA77A}.Debug|Mixed Platforms.Build.0 = Debug|Win32
		{B1AEE15F-4CAF-4ACA-B5DC-756EC3AFA77A}.Debug|Win32.ActiveCfg = Debug|Win32
		{B1AEE15F-4CAF-4ACA-B5DC-756EC3AFA77A}.Debug|Win32.Build.0 = Debug|Win32
		{B1AEE15F-4CAF-4ACA-B5DC-756EC3AFA77A}.Debug|x64.ActiveCfg = Debug|x64
		{B1AEE15F-4CAF-4ACA-B5DC-756EC3AFA77A}.Debug|x64.Build.0 = Debug|x64
		{B1AEE15F-4CAF-4ACA-B5DC-756EC3AFA77A}.Debug|x86.ActiveCfg = Debug|Win32
		{B1AEE15F-4CAF-4ACA-B5DC-756EC3AFA77A}.Debug|x86.Build.0 = Debug|Win32
		{B1AEE15F-4CAF-4ACA-B5DC-756EC3AFA77A}.Release|Any CPU.ActiveCfg = Release|Win32
		{B1AEE15F-4CAF-4ACA-B5DC-756EC3AFA77A}.Release|Mixed Platforms.ActiveCfg = Release|Win32
		{B1AEE15F-4CAF-4ACA-B5DC-756EC3AFA77A}.Release|Mixed Platforms.Build.0 = Release|Win32
		{B1AEE15F-4CAF-4ACA-B5DC-756EC3AFA77A}.Release|Win32.ActiveCfg = Release|Win32
		{B1AEE15F-4CAF-4ACA-B5DC-756EC3AFA77A}.Release|Win32.Build.0 = Release|Win32
		{B1AEE15F-4CAF-4ACA-B5DC-756EC3AFA77A}.Release|x64.ActiveCfg = Release|x64
		{B1AEE15F-4CAF-4ACA-B5DC-756EC3AFA77A}.Release|x64.Build.0 = Release|x64
		{B1AEE15F-4CAF-4ACA-B5DC-756EC3AFA77A}.Release|x86.ActiveCfg = Release|Win32
		{B1AEE15F-4CAF-4ACA-B5DC-756EC3AFA77A}.Release|x86.Build.0 = Release|Win32
		{6E52889E-06C1-45DC-AF99-ACCCAFB863FF}.Debug|Any CPU.ActiveCfg = Debug|x86
		{6E52889E-06C1-45DC-AF99-ACCCAFB863FF}.Debug|Mixed Platforms.ActiveCfg = Debug|x86
		{6E52889E-06C1-45DC-AF99-ACCCAFB863FF}.Debug|Mixed Platforms.Build.0 = Debug|x86
		{6E52889E-06C1-45DC-AF99-ACCCAFB863FF}.Debug|Win32.ActiveCfg = Debug|x86
		{6E52889E-06C1-45DC-AF99-ACCCAFB863FF}.Debug|x64.ActiveCfg = Debug|x86
		{6E52889E-06C1-45DC-AF99-ACCCAFB863FF}.Debug|x86.ActiveCfg = Debug|x86
		{6E52889E-06C1-45DC-AF99-ACCCAFB863FF}.Debug|x86.Build.0 = Debug|x86
		{6E52889E-06C1-45DC-AF99-ACCCAFB863FF}.Release|Any CPU.ActiveCfg = Release|x86
		{6E52889E-06C1-45DC-AF99-ACCCAFB863FF}.Release|Mixed Platforms.ActiveCfg = Release|x86
		{6E52889E-06C1-45DC-AF99-ACCCAFB863FF}.Release|Mixed Platforms.Build.0 = Release|x86
		{6E52889E-06C1-45DC-AF99-ACCCAFB863FF}.Release|Win32.ActiveCfg = Release|x86
		{6E52889E-06C1-45DC-AF99-ACCCAFB863FF}.Release|Win32.Build.0 = Release|x86
		{6E52889E-06C1-45DC-AF99-ACCCAFB863FF}.Release|x64.ActiveCfg = Release|x86
		{6E52889E-06C1-45DC-AF99-ACCCAFB863FF}.Release|x86.ActiveCfg = Release|x86
		{6E52889E-06C1-45DC-AF99-ACCCAFB863FF}.Release|x86.Build.0 = Release|x86
		{218AB179-4C19-4264-BD55-DF89A9F321CA}.Debug|Any CPU.ActiveCfg = Debug|Win32
		{218AB179-4C19-4264-BD55-DF89A9F321CA}.Debug|Mixed Platforms.ActiveCfg = Debug|Win32
		{218AB179-4C19-4264-BD55-DF89A9F321CA}.Debug|Mixed Platforms.Build.0 = Debug|Win32
		{218AB179-4C19-4264-BD55-DF89A9F321CA}.Debug|Win32.ActiveCfg = Debug|Win32
		{218AB179-4C19-4264-BD55-DF89A9F321CA}.Debug|Win32.Build.0 = Debug|Win32
		{218AB179-4C19-4264-BD55-DF89A9F321CA}.Debug|x64.ActiveCfg = Debug|x64
		{218AB179-4C19-4264-BD55-DF89A9F321CA}.Debug|x64.Build.0 = Debug|x64
		{218AB179-4C19-4264-BD55-DF89A9F321CA}.Debug|x86.ActiveCfg = Debug|Win32
		{218AB179-4C19-4264-BD55-DF89A9F321CA}.Release|Any CPU.ActiveCfg = Release|Win32
		{218AB179-4C19-4264-BD55-DF89A9F321CA}.Release|Mixed Platforms.ActiveCfg = Release|Win32
		{218AB179-4C19-4264-BD55-DF89A9F321CA}.Release|Mixed Platforms.Build.0 = Release|Win32
		{218AB179-4C19-4264-BD55-DF89A9F321CA}.Release|Win32.ActiveCfg = Release|Win32
		{218AB179-4C19-4264-BD55-DF89A9F321CA}.Release|Win32.Build.0 = Release|Win32
		{218AB179-4C19-4264-BD55-DF89A9F321CA}.Release|x64.ActiveCfg = Release|x64
		{218AB179-4C19-4264-BD55-DF89A9F321CA}.Release|x64.Build.0 = Release|x64
		{218AB179-4C19-4264-BD55-DF89A9F321CA}.Release|x86.ActiveCfg = Release|Win32
		{30E249B7-F460-4FD3-9C45-58C55AEF7EF6}.Debug|Any CPU.ActiveCfg = Debug|Win32
		{30E249B7-F460-4FD3-9C45-58C55AEF7EF6}.Debug|Mixed Platforms.ActiveCfg = Debug|Win32
		{30E249B7-F460-4FD3-9C45-58C55AEF7EF6}.Debug|Mixed Platforms.Build.0 = Debug|Win32
		{30E249B7-F460-4FD3-9C45-58C55AEF7EF6}.Debug|Win32.ActiveCfg = Debug|Win32
		{30E249B7-F460-4FD3-9C45-58C55AEF7EF6}.Debug|Win32.Build.0 = Debug|Win32
		{30E249B7-F460-4FD3-9C45-58C55AEF7EF6}.Debug|x64.ActiveCfg = Debug|x64
		{30E249B7-F460-4FD3-9C45-58C55AEF7EF6}.Debug|x64.Build.0 = Debug|x64
		{30E249B7-F460-4FD3-9C45-58C55AEF7EF6}.Debug|x86.ActiveCfg = Debug|Win32
		{30E249B7-F460-4FD3-9C45-58C55AEF7EF6}.Release|Any CPU.ActiveCfg = Release|Win32
		{30E249B7-F460-4FD3-9C45-58C55AEF7EF6}.Release|Mixed Platforms.ActiveCfg = Release|Win32
		{30E249B7-F460-4FD3-9C45-58C55AEF7EF6}.Release|Mixed Platforms.Build.0 = Release|Win32
		{30E249B7-F460-4FD3-9C45-58C55AEF7EF6}.Release|Win32.ActiveCfg = Release|Win32
		{30E249B7-F460-4FD3-9C45-58C55AEF7EF6}.Release|Win32.Build.0 = Release|Win32
		{30E249B7-F460-4FD3-9C45-58C55AEF7EF6}.Release|x64.ActiveCfg = Release|x64
		{30E249B7-F460-4FD3-9C45-58C55AEF7EF6}.Release|x64.Build.0 = Release|x64
		{30E249B7-F460-4FD3-9C45-58C55AEF7EF6}.Release|x86.ActiveCfg = Release|Win32
		{5E5B7C33-8076-4E21-ADF3-D56C8C28822A}.Debug|Any CPU.ActiveCfg = Debug|Win32
		{5E5B7C33-8076-4E21-ADF3-D56C8C28822A}.Debug|Mixed Platforms.ActiveCfg = Debug|Win32
		{5E5B7C33-8076-4E21-ADF3-D56C8C28822A}.Debug|Mixed Platforms.Build.0 = Debug|Win32
		{5E5B7C33-8076-4E21-ADF3-D56C8C28822A}.Debug|Win32.ActiveCfg = Debug|Win32
		{5E5B7C33-8076-4E21-ADF3-D56C8C28822A}.Debug|Win32.Build.0 = Debug|Win32
		{5E5B7C33-8076-4E21-ADF3-D56C8C28822A}.Debug|x64.ActiveCfg = Debug|x64
		{5E5B7C33-8076-4E21-ADF3-D56C8C28822A}.Debug|x64.Build.0 = Debug|x64
		{5E5B7C33-8076-4E21-ADF3-D56C8C28822A}.Debug|x86.ActiveCfg = Debug|Win32
		{5E5B7C33-8076-4E21-ADF3-D56C8C28822A}.Release|Any CPU.ActiveCfg = Release|Win32
		{5E5B7C33-8076-4E21-ADF3-D56C8C28822A}.Release|Mixed Platforms.ActiveCfg = Release|Win32
		{5E5B7C33-8076-4E21-ADF3-D56C8C28822A}.Release|Mixed Platforms.Build.0 = Release|Win32
		{5E5B7C33-8076-4E21-ADF3-D56C8C28822A}.Release|Win32.ActiveCfg = Release|Win32
		{5E5B7C33-8076-4E21-ADF3-D56C8C28822A}.Release|Win32.Build.0 = Release|Win32
		{5E5B7C33-8076-4E21-ADF3-D56C8C28822A}.Release|x64.ActiveCfg = Release|x64
		{5E5B7C33-8076-4E21-ADF3-D56C8C28822A}.Release|x64.Build.0 = Release|x64
		{5E5B7C33-8076-4E21-ADF3-D56C8C28822A}.Release|x86.ActiveCfg = Release|Win32
		{7AA3A43A-F0CD-4BD8-BC04-5A30F7260C38}.Debug|Any CPU.ActiveCfg = Debug|Win32
		{7AA3A43A-F0CD-4BD8-BC04-5A30F7260C38}.Debug|Mixed Platforms.ActiveCfg = Debug|Win32
		{7AA3A43A-F0CD-4BD8-BC04-5A30F7260C38}.Debug|Mixed Platforms.Build.0 = Debug|Win32
		{7AA3A43A-F0CD-4BD8-BC04-5A30F7260C38}.Debug|Win32.ActiveCfg = Debug|Win32
		{7AA3A43A-F0CD-4BD8-BC04-5A30F7260C38}.Debug|Win32.Build.0 = Debug|Win32
		{7AA3A43A-F0CD-4BD8-BC04-5A30F7260C38}.Debug|x64.ActiveCfg = Debug|x64
		{7AA3A43A-F0CD-4BD8-BC04-5A30F7260C38}.Debug|x64.Build.0 = Debug|x64
		{7AA3A43A-F0CD-4BD8-BC04-5A30F7260C38}.Debug|x86.ActiveCfg = Debug|Win32
		{7AA3A43A-F0CD-4BD8-BC04-5A30F7260C38}.Release|Any CPU.ActiveCfg = Release|Win32
		{7AA3A43A-F0CD-4BD8-BC04-5A30F7260C38}.Release|Mixed Platforms.ActiveCfg = Release|Win32
		{7AA3A43A-F0CD-4BD8-BC04-5A30F7260C38}.Release|Mixed Platforms.Build.0 = Release|Win32
		{7AA3A43A-F0CD-4BD8-BC04-5A30F7260C38}.Release|Win32.ActiveCfg = Release|Win32
		{7AA3A43A-F0CD-4BD8-BC04-5A30F7260C38}.Release|Win32.Build.0 = Release|Win32
		{7AA3A43A-F0CD-4BD8-BC04-5A30F7260C38}.Release|x64.ActiveCfg = Release|x64
		{7AA3A43A-F0CD-4BD8-BC04-5A30F7260C38}.Release|x64.Build.0 = Release|x64
		{7AA3A43A-F0CD-4BD8-BC04-5A30F7260C38}.Release|x86.ActiveCfg = Release|Win32
		{C824932A-2819-4148-B54F-214D65015C54}.Debug|Any CPU.ActiveCfg = Debug|Win32
		{C824932A-2819-4148-B54F-214D65015C54}.Debug|Mixed Platforms.ActiveCfg = Debug|Win32
		{C824932A-2819-4148-B54F-214D65015C54}.Debug|Mixed Platforms.Build.0 = Debug|Win32
		{C824932A-2819-4148-B54F-214D65015C54}.Debug|Win32.ActiveCfg = Debug|Win32
		{C824932A-2819-4148-B54F-214D65015C54}.Debug|Win32.Build.0 = Debug|Win32
		{C824932A-2819-4148-B54F-214D65015C54}.Debug|x64.ActiveCfg = Debug|x64
		{C824932A-2819-4148-B54F-214D65015C54}.Debug|x64.Build.0 = Debug|x64
		{C824932A-2819-4148-B54F-214D65015C54}.Debug|x86.ActiveCfg = Debug|Win32
		{C824932A-2819-4148-B54F-214D65015C54}.Release|Any CPU.ActiveCfg = Release|Win32
		{C824932A-2819-4148-B54F-214D65015C54}.Release|Mixed Platforms.ActiveCfg = Release|Win32
		{C824932A-2819-4148-B54F-214D65015C54}.Release|Mixed Platforms.Build.0 = Release|Win32
		{C824932A-2819-4148-B54F-214D65015C54}.Release|Win32.ActiveCfg = Release|Win32
		{C824932A-2819-4148-B54F-214D65015C54}.Release|Win32.Build.0 = Release|Win32
		{C824932A-2819-4148-B54F-214D65015C54}.Release|x64.ActiveCfg = Release|x64
		{C824932A-2819-4148-B54F-214D65015C54}.Release|x64.Build.0 = Release|x64
		{C824932A-2819-4148-B54F-214D65015C54}.Release|x86.ActiveCfg = Release|Win32
		{69756714-C1EB-47AF-B852-FF253D8DDDA8}.Debug|Any CPU.ActiveCfg = Debug|Win32
		{69756714-C1EB-47AF-B852-FF253D8DDDA8}.Debug|Mixed Platforms.ActiveCfg = Debug|Win32
		{69756714-C1EB-47AF-B852-FF253D8DDDA8}.Debug|Mixed Platforms.Build.0 = Debug|Win32
		{69756714-C1EB-47AF-B852-FF253D8DDDA8}.Debug|Win32.ActiveCfg = Debug|Win32
		{69756714-C1EB-47AF-B852-FF253D8DDDA8}.Debug|Win32.Build.0 = Debug|Win32
		{69756714-C1EB-47AF-B852-FF253D8DDDA8}.Debug|x64.ActiveCfg = Debug|x64
		{69756714-C1EB-47AF-B852-FF253D8DDDA8}.Debug|x64.Build.0 = Debug|x64
		{69756714-C1EB-47AF-B852-FF253D8DDDA8}.Debug|x86.ActiveCfg = Debug|Win32
		{69756714-C1EB-47AF-B852-FF253D8DDDA8}.Release|Any CPU.ActiveCfg = Release|Win32
		{69756714-C1EB-47AF-B852-FF253D8DDDA8}.Release|Mixed Platforms.ActiveCfg = Release|Win32
		{69756714-C1EB-47AF-B852-FF253D8DDDA8}.Release|Mixed Platforms.Build.0 = Release|Win32
		{69756714-C1EB-47AF-B852-FF253D8DDDA8}.Release|Win32.ActiveCfg = Release|Win32
		{69756714-C1EB-47AF-B852-FF253D8DDDA8}.Release|Win32.Build.0 = Release|Win32
		{69756714-C1EB-47AF-B852-FF253D8DDDA8}.Release|x64.ActiveCfg = Release|x64
		{69756714-C1EB-47AF-B852-FF253D8DDDA8}.Release|x64.Build.0 = Release|x64
		{69756714-C1EB-47AF-B852-FF253D8DDDA8}.Release|x86.ActiveCfg = Release|Win32
		{49BDA8E7-213A-44E2-BEDB-C599E07B8DA7}.Debug|Any CPU.ActiveCfg = Debug|Win32
		{49BDA8E7-213A-44E2-BEDB-C599E07B8DA7}.Debug|Mixed Platforms.ActiveCfg = Debug|Win32
		{49BDA8E7-213A-44E2-BEDB-C599E07B8DA7}.Debug|Mixed Platforms.Build.0 = Debug|Win32
		{49BDA8E7-213A-44E2-BEDB-C599E07B8DA7}.Debug|Win32.ActiveCfg = Debug|Win32
		{49BDA8E7-213A-44E2-BEDB-C599E07B8DA7}.Debug|Win32.Build.0 = Debug|Win32
		{49BDA8E7-213A-44E2-BEDB-C599E07B8DA7}.Debug|x64.ActiveCfg = Debug|x64
		{49BDA8E7-213A-44E2-BEDB-C599E07B8DA7}.Debug|x64.Build.0 = Debug|x64
		{49BDA8E7-213A-44E2-BEDB-C599E07B8DA7}.Debug|x86.ActiveCfg = Debug|Win32
		{49BDA8E7-213A-44E2-BEDB-C599E07B8DA7}.Release|Any CPU.ActiveCfg = Release|Win32
		{49BDA8E7-213A-44E2-BEDB-C599E07B8DA7}.Release|Mixed Platforms.ActiveCfg = Release|Win32
		{49BDA8E7-213A-44E2-BEDB-C599E07B8DA7}.Release|Mixed Platforms.Build.0 = Release|Win32
		{49BDA8E7-213A-44E2-BEDB-C599E07B8DA7}.Release|Win32.ActiveCfg = Release|Win32
		{49BDA8E7-213A-44E2-BEDB-C599E07B8DA7}.Release|Win32.Build.0 = Release|Win32
		{49BDA8E7-213A-44E2-BEDB-C599E07B8DA7}.Release|x64.ActiveCfg = Release|x64
		{49BDA8E7-213A-44E2-BEDB-C599E07B8DA7}.Release|x64.Build.0 = Release|x64
		{49BDA8E7-213A-44E2-BEDB-C599E07B8DA7}.Release|x86.ActiveCfg = Release|Win32
		{229C866B-8DD9-49FF-91D0-0B8B30448F03}.Debug|Any CPU.ActiveCfg = Debug|x86
		{229C866B-8DD9-49FF-91D0-0B8B30448F03}.Debug|Mixed Platforms.ActiveCfg = Debug|x86
		{229C866B-8DD9-49FF-91D0-0B8B30448F03}.Debug|Mixed Platforms.Build.0 = Debug|x86
		{229C866B-8DD9-49FF-91D0-0B8B30448F03}.Debug|Win32.ActiveCfg = Debug|x86
		{229C866B-8DD9-49FF-91D0-0B8B30448F03}.Debug|Win32.Build.0 = Debug|x86
		{229C866B-8DD9-49FF-91D0-0B8B30448F03}.Debug|x64.ActiveCfg = Debug|x86
		{229C866B-8DD9-49FF-91D0-0B8B30448F03}.Debug|x86.ActiveCfg = Debug|x86
		{229C866B-8DD9-49FF-91D0-0B8B30448F03}.Debug|x86.Build.0 = Debug|x86
		{229C866B-8DD9-49FF-91D0-0B8B30448F03}.Release|Any CPU.ActiveCfg = Release|x86
		{229C866B-8DD9-49FF-91D0-0B8B30448F03}.Release|Mixed Platforms.ActiveCfg = Release|x86
		{229C866B-8DD9-49FF-91D0-0B8B30448F03}.Release|Mixed Platforms.Build.0 = Release|x86
		{229C866B-8DD9-49FF-91D0-0B8B30448F03}.Release|Win32.ActiveCfg = Release|x86
		{229C866B-8DD9-49FF-91D0-0B8B30448F03}.Release|Win32.Build.0 = Release|x86
		{229C866B-8DD9-49FF-91D0-0B8B30448F03}.Release|x64.ActiveCfg = Release|x86
		{229C866B-8DD9-49FF-91D0-0B8B30448F03}.Release|x86.ActiveCfg = Release|x86
		{229C866B-8DD9-49FF-91D0-0B8B30448F03}.Release|x86.Build.0 = Release|x86
		{F7F5DB6E-B52D-46C1-9E40-43934514AEEB}.Debug|Any CPU.ActiveCfg = Debug|Any CPU
		{F7F5DB6E-B52D-46C1-9E40-43934514AEEB}.Debug|Any CPU.Build.0 = Debug|Any CPU
		{F7F5DB6E-B52D-46C1-9E40-43934514AEEB}.Debug|Mixed Platforms.ActiveCfg = Debug|Any CPU
		{F7F5DB6E-B52D-46C1-9E40-43934514AEEB}.Debug|Mixed Platforms.Build.0 = Debug|Any CPU
		{F7F5DB6E-B52D-46C1-9E40-43934514AEEB}.Debug|Win32.ActiveCfg = Debug|Any CPU
		{F7F5DB6E-B52D-46C1-9E40-43934514AEEB}.Debug|Win32.Build.0 = Debug|Any CPU
		{F7F5DB6E-B52D-46C1-9E40-43934514AEEB}.Debug|x64.ActiveCfg = Debug|Any CPU
		{F7F5DB6E-B52D-46C1-9E40-43934514AEEB}.Debug|x64.Build.0 = Debug|Any CPU
		{F7F5DB6E-B52D-46C1-9E40-43934514AEEB}.Debug|x86.ActiveCfg = Debug|Any CPU
		{F7F5DB6E-B52D-46C1-9E40-43934514AEEB}.Debug|x86.Build.0 = Debug|Any CPU
		{F7F5DB6E-B52D-46C1-9E40-43934514AEEB}.Release|Any CPU.ActiveCfg = Release|Any CPU
		{F7F5DB6E-B52D-46C1-9E40-43934514AEEB}.Release|Any CPU.Build.0 = Release|Any CPU
		{F7F5DB6E-B52D-46C1-9E40-43934514AEEB}.Release|Mixed Platforms.ActiveCfg = Release|Any CPU
		{F7F5DB6E-B52D-46C1-9E40-43934514AEEB}.Release|Mixed Platforms.Build.0 = Release|Any CPU
		{F7F5DB6E-B52D-46C1-9E40-43934514AEEB}.Release|Win32.ActiveCfg = Release|Any CPU
		{F7F5DB6E-B52D-46C1-9E40-43934514AEEB}.Release|Win32.Build.0 = Release|Any CPU
		{F7F5DB6E-B52D-46C1-9E40-43934514AEEB}.Release|x64.ActiveCfg = Release|Any CPU
		{F7F5DB6E-B52D-46C1-9E40-43934514AEEB}.Release|x64.Build.0 = Release|Any CPU
		{F7F5DB6E-B52D-46C1-9E40-43934514AEEB}.Release|x86.ActiveCfg = Release|Any CPU
		{F7F5DB6E-B52D-46C1-9E40-43934514AEEB}.Release|x86.Build.0 = Release|Any CPU
	EndGlobalSection
	GlobalSection(SolutionProperties) = preSolution
		HideSolutionNode = FALSE
	EndGlobalSection
	GlobalSection(NestedProjects) = preSolution
		{229C866B-8DD9-49FF-91D0-0B8B30448F03} = {997ACF6D-C484-4738-AD85-9259543F8F9C}
	EndGlobalSection
EndGlobal
