
Microsoft Visual Studio Solution File, Format Version 11.00
# Visual Studio 2010
Project("{FAE04EC0-301F-11D3-BF4B-00C04F79EFBC}") = "DebugViewppVS2010addin", "DebugViewppVS2010addin.csproj", "{0005C79A-5A3E-4639-B933-50DDCDA1BB4C}"
EndProject
Global
	GlobalSection(SolutionConfigurationPlatforms) = preSolution
		Debug|Any CPU = Debug|Any CPU
		Release|Any CPU = Release|Any CPU
	EndGlobalSection
	GlobalSection(ProjectConfigurationPlatforms) = postSolution
		{0005C79A-5A3E-4639-B933-50DDCDA1BB4C}.Debug|Any CPU.ActiveCfg = Debug|Any CPU
		{0005C79A-5A3E-4639-B933-50DDCDA1BB4C}.Debug|Any CPU.Build.0 = Debug|Any CPU
		{0005C79A-5A3E-4639-B933-50DDCDA1BB4C}.Release|Any CPU.ActiveCfg = Release|Any CPU
		{0005C79A-5A3E-4639-B933-50DDCDA1BB4C}.Release|Any CPU.Build.0 = Release|Any CPU
	EndGlobalSection
	GlobalSection(SolutionProperties) = preSolution
		HideSolutionNode = FALSE
	EndGlobalSection
EndGlobal
