<?xml version="1.0" encoding="utf-8"?>
<Project ToolsVersion="4.0" xmlns="http://schemas.microsoft.com/developer/msbuild/2003">
  <ItemGroup>
    <Filter Include="Source Files">
      <UniqueIdentifier>{4FC737F1-C7A5-4376-A066-2A32D752A2FF}</UniqueIdentifier>
      <Extensions>cpp;c;cc;cxx;def;odl;idl;hpj;bat;asm;asmx</Extensions>
    </Filter>
    <Filter Include="Header Files">
      <UniqueIdentifier>{93995380-89BD-4b04-88EB-625FBE52EBFB}</UniqueIdentifier>
      <Extensions>h;hpp;hxx;hm;inl;inc;xsd</Extensions>
    </Filter>
  </ItemGroup>
  <ItemGroup>
    <ClInclude Include="stdafx.h">
      <Filter>Header Files</Filter>
    </ClInclude>
    <ClInclude Include="targetver.h">
      <Filter>Header Files</Filter>
    </ClInclude>
    <ClInclude Include="..\include\DebugView++Lib\LogSources.h">
      <Filter>Header Files</Filter>
    </ClInclude>
    <ClInclude Include="..\include\DebugView++Lib\MatchType.h">
      <Filter>Header Files</Filter>
    </ClInclude>
    <ClInclude Include="..\include\DebugView++Lib\PipeReader.h">
      <Filter>Header Files</Filter>
    </ClInclude>
    <ClInclude Include="..\include\DebugView++Lib\Process.h">
      <Filter>Header Files</Filter>
    </ClInclude>
    <ClInclude Include="..\include\DebugView++Lib\ProcessReader.h">
      <Filter>Header Files</Filter>
    </ClInclude>
    <ClInclude Include="..\include\DebugView++Lib\FileIO.h">
      <Filter>Header Files</Filter>
    </ClInclude>
    <ClInclude Include="..\include\DebugView++Lib\FileReader.h">
      <Filter>Header Files</Filter>
    </ClInclude>
    <ClInclude Include="..\include\DebugView++Lib\Filter.h">
      <Filter>Header Files</Filter>
    </ClInclude>
    <ClInclude Include="..\include\DebugView++Lib\FilterType.h">
      <Filter>Header Files</Filter>
    </ClInclude>
    <ClInclude Include="..\include\DebugView++Lib\LogFile.h">
      <Filter>Header Files</Filter>
    </ClInclude>
    <ClInclude Include="..\include\DebugView++Lib\LogFilter.h">
      <Filter>Header Files</Filter>
    </ClInclude>
    <ClInclude Include="..\include\DebugView++Lib\SourceType.h">
      <Filter>Header Files</Filter>
    </ClInclude>
    <ClInclude Include="..\include\DebugView++Lib\ProcessInfo.h">
      <Filter>Header Files</Filter>
    </ClInclude>
    <ClInclude Include="..\include\DebugView++Lib\Colors.h">
      <Filter>Header Files</Filter>
    </ClInclude>
    <ClInclude Include="..\include\DebugView++Lib\DBWinBuffer.h">
      <Filter>Header Files</Filter>
    </ClInclude>
    <ClInclude Include="..\include\DebugView++Lib\DBWinReader.h">
      <Filter>Header Files</Filter>
    </ClInclude>
    <ClInclude Include="..\include\DebugView++Lib\DBWinWriter.h">
      <Filter>Header Files</Filter>
    </ClInclude>
    <ClInclude Include="..\include\DebugView++Lib\LineBuffer.h">
      <Filter>Header Files</Filter>
    </ClInclude>
    <ClInclude Include="..\include\DebugView++Lib\ProcessHandleCache.h">
      <Filter>Header Files</Filter>
    </ClInclude>
    <ClInclude Include="..\include\DebugView++Lib\LogSource.h">
      <Filter>Header Files</Filter>
    </ClInclude>
    <ClInclude Include="..\include\DebugView++Lib\TestSource.h">
      <Filter>Header Files</Filter>
    </ClInclude>
    <ClInclude Include="..\include\DebugView++Lib\VectorLineBuffer.h">
      <Filter>Header Files</Filter>
    </ClInclude>
    <ClInclude Include="..\include\DebugView++Lib\Line.h">
      <Filter>Header Files</Filter>
    </ClInclude>
    <ClInclude Include="..\include\DebugView++Lib\NewlineFilter.h">
      <Filter>Header Files</Filter>
    </ClInclude>
    <ClInclude Include="..\include\DebugView++Lib\Loopback.h">
      <Filter>Header Files</Filter>
    </ClInclude>
    <ClInclude Include="..\include\DebugView++Lib\PassiveLogSource.h">
      <Filter>Header Files</Filter>
    </ClInclude>
    <ClInclude Include="..\include\DebugView++Lib\FileWriter.h">
      <Filter>Header Files</Filter>
    </ClInclude>
    <ClInclude Include="..\include\DebugView++Lib\DbgviewReader.h">
      <Filter>Header Files</Filter>
    </ClInclude>
  </ItemGroup>
  <ItemGroup>
    <ClCompile Include="stdafx.cpp">
      <Filter>Source Files</Filter>
    </ClCompile>
    <ClCompile Include="Process.cpp">
      <Filter>Source Files</Filter>
    </ClCompile>
    <ClCompile Include="ProcessReader.cpp">
      <Filter>Source Files</Filter>
    </ClCompile>
    <ClCompile Include="FileIO.cpp">
      <Filter>Source Files</Filter>
    </ClCompile>
    <ClCompile Include="FileReader.cpp">
      <Filter>Source Files</Filter>
    </ClCompile>
    <ClCompile Include="Filter.cpp">
      <Filter>Source Files</Filter>
    </ClCompile>
    <ClCompile Include="FilterType.cpp">
      <Filter>Source Files</Filter>
    </ClCompile>
    <ClCompile Include="LogFile.cpp">
      <Filter>Source Files</Filter>
    </ClCompile>
    <ClCompile Include="LogSources.cpp">
      <Filter>Source Files</Filter>
    </ClCompile>
    <ClCompile Include="MatchType.cpp">
      <Filter>Source Files</Filter>
    </ClCompile>
    <ClCompile Include="PipeReader.cpp">
      <Filter>Source Files</Filter>
    </ClCompile>
    <ClCompile Include="LogFilter.cpp">
      <Filter>Source Files</Filter>
    </ClCompile>
    <ClCompile Include="SourceType.cpp">
      <Filter>Source Files</Filter>
    </ClCompile>
    <ClCompile Include="ProcessHandleCache.cpp">
      <Filter>Source Files</Filter>
    </ClCompile>
    <ClCompile Include="ProcessInfo.cpp">
      <Filter>Source Files</Filter>
    </ClCompile>
    <ClCompile Include="Colors.cpp">
      <Filter>Source Files</Filter>
    </ClCompile>
    <ClCompile Include="DBWinBuffer.cpp">
      <Filter>Source Files</Filter>
    </ClCompile>
    <ClCompile Include="DBWinReader.cpp">
      <Filter>Source Files</Filter>
    </ClCompile>
    <ClCompile Include="DBWinWriter.cpp">
      <Filter>Source Files</Filter>
    </ClCompile>
    <ClCompile Include="LineBuffer.cpp">
      <Filter>Source Files</Filter>
    </ClCompile>
    <ClCompile Include="LogSource.cpp">
      <Filter>Source Files</Filter>
    </ClCompile>
    <ClCompile Include="TestSource.cpp">
      <Filter>Source Files</Filter>
    </ClCompile>
    <ClCompile Include="VectorLineBuffer.cpp">
      <Filter>Source Files</Filter>
    </ClCompile>
    <ClCompile Include="Line.cpp">
      <Filter>Source Files</Filter>
    </ClCompile>
    <ClCompile Include="NewlineFilter.cpp">
      <Filter>Source Files</Filter>
    </ClCompile>
    <ClCompile Include="Loopback.cpp">
      <Filter>Source Files</Filter>
    </ClCompile>
    <ClCompile Include="PassiveLogSource.cpp">
      <Filter>Source Files</Filter>
    </ClCompile>
    <ClCompile Include="FileWriter.cpp">
      <Filter>Source Files</Filter>
    </ClCompile>
    <ClCompile Include="DbgviewReader.cpp">
      <Filter>Source Files</Filter>
    </ClCompile>
  </ItemGroup>
</Project>